
Microsoft Visual Studio Solution File, Format Version 12.00
# Visual Studio Version 16
VisualStudioVersion = 16.0.30011.22
MinimumVisualStudioVersion = 10.0.40219.1
Project("{FAE04EC0-301F-11D3-BF4B-00C04F79EFBC}") = "HueCallStatus", "HueCallStatus\HueCallStatus.csproj", "{12855014-D7AA-430D-A82D-13389625FB62}"
EndProject
Project("{FAE04EC0-301F-11D3-BF4B-00C04F79EFBC}") = "HueCallStatusUwp", "HueCallStatusUwp\HueCallStatusUwp.csproj", "{B5F7B40E-75A3-472F-B7BD-AF5BE723B063}"
	ProjectSection(ProjectDependencies) = postProject
		{6183F000-DC83-4D53-8760-424ED7DA3363} = {6183F000-DC83-4D53-8760-424ED7DA3363}
	EndProjectSection
EndProject
Project("{FAE04EC0-301F-11D3-BF4B-00C04F79EFBC}") = "HueCallStatusInterop", "HueCallStatusInterop\HueCallStatusInterop.csproj", "{6183F000-DC83-4D53-8760-424ED7DA3363}"
EndProject
Global
	GlobalSection(SolutionConfigurationPlatforms) = preSolution
		Debug|Any CPU = Debug|Any CPU
		Debug|ARM = Debug|ARM
		Debug|ARM64 = Debug|ARM64
		Debug|x64 = Debug|x64
		Debug|x86 = Debug|x86
		Release|Any CPU = Release|Any CPU
		Release|ARM = Release|ARM
		Release|ARM64 = Release|ARM64
		Release|x64 = Release|x64
		Release|x86 = Release|x86
	EndGlobalSection
	GlobalSection(ProjectConfigurationPlatforms) = postSolution
		{12855014-D7AA-430D-A82D-13389625FB62}.Debug|Any CPU.ActiveCfg = Debug|Any CPU
		{12855014-D7AA-430D-A82D-13389625FB62}.Debug|Any CPU.Build.0 = Debug|Any CPU
		{12855014-D7AA-430D-A82D-13389625FB62}.Debug|ARM.ActiveCfg = Debug|Any CPU
		{12855014-D7AA-430D-A82D-13389625FB62}.Debug|ARM.Build.0 = Debug|Any CPU
		{12855014-D7AA-430D-A82D-13389625FB62}.Debug|ARM64.ActiveCfg = Debug|Any CPU
		{12855014-D7AA-430D-A82D-13389625FB62}.Debug|ARM64.Build.0 = Debug|Any CPU
		{12855014-D7AA-430D-A82D-13389625FB62}.Debug|x64.ActiveCfg = Debug|Any CPU
		{12855014-D7AA-430D-A82D-13389625FB62}.Debug|x64.Build.0 = Debug|Any CPU
		{12855014-D7AA-430D-A82D-13389625FB62}.Debug|x86.ActiveCfg = Debug|Any CPU
		{12855014-D7AA-430D-A82D-13389625FB62}.Debug|x86.Build.0 = Debug|Any CPU
		{12855014-D7AA-430D-A82D-13389625FB62}.Release|Any CPU.ActiveCfg = Release|Any CPU
		{12855014-D7AA-430D-A82D-13389625FB62}.Release|Any CPU.Build.0 = Release|Any CPU
		{12855014-D7AA-430D-A82D-13389625FB62}.Release|ARM.ActiveCfg = Release|Any CPU
		{12855014-D7AA-430D-A82D-13389625FB62}.Release|ARM.Build.0 = Release|Any CPU
		{12855014-D7AA-430D-A82D-13389625FB62}.Release|ARM64.ActiveCfg = Release|Any CPU
		{12855014-D7AA-430D-A82D-13389625FB62}.Release|ARM64.Build.0 = Release|Any CPU
		{12855014-D7AA-430D-A82D-13389625FB62}.Release|x64.ActiveCfg = Release|Any CPU
		{12855014-D7AA-430D-A82D-13389625FB62}.Release|x64.Build.0 = Release|Any CPU
		{12855014-D7AA-430D-A82D-13389625FB62}.Release|x86.ActiveCfg = Release|Any CPU
		{12855014-D7AA-430D-A82D-13389625FB62}.Release|x86.Build.0 = Release|Any CPU
		{B5F7B40E-75A3-472F-B7BD-AF5BE723B063}.Debug|Any CPU.ActiveCfg = Debug|x86
		{B5F7B40E-75A3-472F-B7BD-AF5BE723B063}.Debug|ARM.ActiveCfg = Debug|ARM
		{B5F7B40E-75A3-472F-B7BD-AF5BE723B063}.Debug|ARM.Build.0 = Debug|ARM
		{B5F7B40E-75A3-472F-B7BD-AF5BE723B063}.Debug|ARM.Deploy.0 = Debug|ARM
		{B5F7B40E-75A3-472F-B7BD-AF5BE723B063}.Debug|ARM64.ActiveCfg = Debug|ARM64
		{B5F7B40E-75A3-472F-B7BD-AF5BE723B063}.Debug|ARM64.Build.0 = Debug|ARM64
		{B5F7B40E-75A3-472F-B7BD-AF5BE723B063}.Debug|ARM64.Deploy.0 = Debug|ARM64
		{B5F7B40E-75A3-472F-B7BD-AF5BE723B063}.Debug|x64.ActiveCfg = Debug|x64
		{B5F7B40E-75A3-472F-B7BD-AF5BE723B063}.Debug|x64.Build.0 = Debug|x64
		{B5F7B40E-75A3-472F-B7BD-AF5BE723B063}.Debug|x64.Deploy.0 = Debug|x64
		{B5F7B40E-75A3-472F-B7BD-AF5BE723B063}.Debug|x86.ActiveCfg = Debug|x86
		{B5F7B40E-75A3-472F-B7BD-AF5BE723B063}.Debug|x86.Build.0 = Debug|x86
		{B5F7B40E-75A3-472F-B7BD-AF5BE723B063}.Debug|x86.Deploy.0 = Debug|x86
		{B5F7B40E-75A3-472F-B7BD-AF5BE723B063}.Release|Any CPU.ActiveCfg = Release|x86
		{B5F7B40E-75A3-472F-B7BD-AF5BE723B063}.Release|ARM.ActiveCfg = Release|ARM
		{B5F7B40E-75A3-472F-B7BD-AF5BE723B063}.Release|ARM.Build.0 = Release|ARM
		{B5F7B40E-75A3-472F-B7BD-AF5BE723B063}.Release|ARM.Deploy.0 = Release|ARM
		{B5F7B40E-75A3-472F-B7BD-AF5BE723B063}.Release|ARM64.ActiveCfg = Release|ARM64
		{B5F7B40E-75A3-472F-B7BD-AF5BE723B063}.Release|ARM64.Build.0 = Release|ARM64
		{B5F7B40E-75A3-472F-B7BD-AF5BE723B063}.Release|ARM64.Deploy.0 = Release|ARM64
		{B5F7B40E-75A3-472F-B7BD-AF5BE723B063}.Release|x64.ActiveCfg = Release|x64
		{B5F7B40E-75A3-472F-B7BD-AF5BE723B063}.Release|x64.Build.0 = Release|x64
		{B5F7B40E-75A3-472F-B7BD-AF5BE723B063}.Release|x64.Deploy.0 = Release|x64
		{B5F7B40E-75A3-472F-B7BD-AF5BE723B063}.Release|x86.ActiveCfg = Release|x86
		{B5F7B40E-75A3-472F-B7BD-AF5BE723B063}.Release|x86.Build.0 = Release|x86
		{B5F7B40E-75A3-472F-B7BD-AF5BE723B063}.Release|x86.Deploy.0 = Release|x86
		{6183F000-DC83-4D53-8760-424ED7DA3363}.Debug|Any CPU.ActiveCfg = Debug|Any CPU
		{6183F000-DC83-4D53-8760-424ED7DA3363}.Debug|Any CPU.Build.0 = Debug|Any CPU
		{6183F000-DC83-4D53-8760-424ED7DA3363}.Debug|ARM.ActiveCfg = Debug|Any CPU
		{6183F000-DC83-4D53-8760-424ED7DA3363}.Debug|ARM.Build.0 = Debug|Any CPU
		{6183F000-DC83-4D53-8760-424ED7DA3363}.Debug|ARM64.ActiveCfg = Debug|Any CPU
		{6183F000-DC83-4D53-8760-424ED7DA3363}.Debug|ARM64.Build.0 = Debug|Any CPU
		{6183F000-DC83-4D53-8760-424ED7DA3363}.Debug|x64.ActiveCfg = Debug|Any CPU
		{6183F000-DC83-4D53-8760-424ED7DA3363}.Debug|x64.Build.0 = Debug|Any CPU
		{6183F000-DC83-4D53-8760-424ED7DA3363}.Debug|x86.ActiveCfg = Debug|Any CPU
		{6183F000-DC83-4D53-8760-424ED7DA3363}.Debug|x86.Build.0 = Debug|Any CPU
		{6183F000-DC83-4D53-8760-424ED7DA3363}.Release|Any CPU.ActiveCfg = Release|Any CPU
		{6183F000-DC83-4D53-8760-424ED7DA3363}.Release|Any CPU.Build.0 = Release|Any CPU
		{6183F000-DC83-4D53-8760-424ED7DA3363}.Release|ARM.ActiveCfg = Release|Any CPU
		{6183F000-DC83-4D53-8760-424ED7DA3363}.Release|ARM.Build.0 = Release|Any CPU
		{6183F000-DC83-4D53-8760-424ED7DA3363}.Release|ARM64.ActiveCfg = Release|Any CPU
		{6183F000-DC83-4D53-8760-424ED7DA3363}.Release|ARM64.Build.0 = Release|Any CPU
		{6183F000-DC83-4D53-8760-424ED7DA3363}.Release|x64.ActiveCfg = Release|Any CPU
		{6183F000-DC83-4D53-8760-424ED7DA3363}.Release|x64.Build.0 = Release|Any CPU
		{6183F000-DC83-4D53-8760-424ED7DA3363}.Release|x86.ActiveCfg = Release|Any CPU
		{6183F000-DC83-4D53-8760-424ED7DA3363}.Release|x86.Build.0 = Release|Any CPU
	EndGlobalSection
	GlobalSection(SolutionProperties) = preSolution
		HideSolutionNode = FALSE
	EndGlobalSection
	GlobalSection(ExtensibilityGlobals) = postSolution
		SolutionGuid = {901A9285-6BBA-45B9-9ACD-7E78520FF5DE}
	EndGlobalSection
EndGlobal
